
Microsoft Visual Studio Solution File, Format Version 12.00
# Visual Studio Version 17
VisualStudioVersion = 17.9.34607.119
MinimumVisualStudioVersion = 10.0.40219.1
Project("{9A19103F-16F7-4668-BE54-9A1E7A4F7556}") = "compact-log-browser", "compact-log-browser\compact-log-browser.csproj", "{C613BB3D-9E10-4912-B9F6-6F43B3F691DD}"
EndProject
Global
	GlobalSection(SolutionConfigurationPlatforms) = preSolution
		Debug|Any CPU = Debug|Any CPU
		Release|Any CPU = Release|Any CPU
	EndGlobalSection
	GlobalSection(ProjectConfigurationPlatforms) = postSolution
		{C613BB3D-9E10-4912-B9F6-6F43B3F691DD}.Debug|Any CPU.ActiveCfg = Debug|Any CPU
		{C613BB3D-9E10-4912-B9F6-6F43B3F691DD}.Debug|Any CPU.Build.0 = Debug|Any CPU
		{C613BB3D-9E10-4912-B9F6-6F43B3F691DD}.Release|Any CPU.ActiveCfg = Release|Any CPU
		{C613BB3D-9E10-4912-B9F6-6F43B3F691DD}.Release|Any CPU.Build.0 = Release|Any CPU
	EndGlobalSection
	GlobalSection(SolutionProperties) = preSolution
		HideSolutionNode = FALSE
	EndGlobalSection
	GlobalSection(ExtensibilityGlobals) = postSolution
		SolutionGuid = {73164BB5-FC5E-429F-B8A9-DE1FDD6B4FB4}
	EndGlobalSection
EndGlobal
